
Microsoft Visual Studio Solution File, Format Version 12.00
# Visual Studio Version 16
VisualStudioVersion = 16.0.30225.117
MinimumVisualStudioVersion = 10.0.40219.1
Project("{FAE04EC0-301F-11D3-BF4B-00C04F79EFBC}") = "Day 4 CodeFIrstApproach", "Day 4 CodeFIrstApproach.csproj", "{CA98974E-2086-4B15-81A8-388EB80DE56A}"
EndProject
Global
	GlobalSection(SolutionConfigurationPlatforms) = preSolution
		Debug|Any CPU = Debug|Any CPU
		Release|Any CPU = Release|Any CPU
	EndGlobalSection
	GlobalSection(ProjectConfigurationPlatforms) = postSolution
		{CA98974E-2086-4B15-81A8-388EB80DE56A}.Debug|Any CPU.ActiveCfg = Debug|Any CPU
		{CA98974E-2086-4B15-81A8-388EB80DE56A}.Debug|Any CPU.Build.0 = Debug|Any CPU
		{CA98974E-2086-4B15-81A8-388EB80DE56A}.Release|Any CPU.ActiveCfg = Release|Any CPU
		{CA98974E-2086-4B15-81A8-388EB80DE56A}.Release|Any CPU.Build.0 = Release|Any CPU
	EndGlobalSection
	GlobalSection(SolutionProperties) = preSolution
		HideSolutionNode = FALSE
	EndGlobalSection
	GlobalSection(ExtensibilityGlobals) = postSolution
		SolutionGuid = {5EFCB89E-2459-4EE8-B17C-9711B4FBC4CB}
	EndGlobalSection
EndGlobal
